
Microsoft Visual Studio Solution File, Format Version 12.00
# Visual Studio Version 17
VisualStudioVersion = 17.4.33213.308
MinimumVisualStudioVersion = 10.0.40219.1
Project("{9A19103F-16F7-4668-BE54-9A1E7A4F7556}") = "BlazorApp1", "BlazorApp1\BlazorApp1.csproj", "{44C702F6-AC17-451E-92A0-CEBB2D146F00}"
EndProject
Project("{FAE04EC0-301F-11D3-BF4B-00C04F79EFBC}") = "BlazorModal", "BlazorModal\BlazorModal.csproj", "{12C817C3-0B6C-443C-8B7E-609A6C82EAA2}"
EndProject
Global
	GlobalSection(SolutionConfigurationPlatforms) = preSolution
		Debug|Any CPU = Debug|Any CPU
		Release|Any CPU = Release|Any CPU
	EndGlobalSection
	GlobalSection(ProjectConfigurationPlatforms) = postSolution
		{44C702F6-AC17-451E-92A0-CEBB2D146F00}.Debug|Any CPU.ActiveCfg = Debug|Any CPU
		{44C702F6-AC17-451E-92A0-CEBB2D146F00}.Debug|Any CPU.Build.0 = Debug|Any CPU
		{44C702F6-AC17-451E-92A0-CEBB2D146F00}.Release|Any CPU.ActiveCfg = Release|Any CPU
		{44C702F6-AC17-451E-92A0-CEBB2D146F00}.Release|Any CPU.Build.0 = Release|Any CPU
		{12C817C3-0B6C-443C-8B7E-609A6C82EAA2}.Debug|Any CPU.ActiveCfg = Debug|Any CPU
		{12C817C3-0B6C-443C-8B7E-609A6C82EAA2}.Debug|Any CPU.Build.0 = Debug|Any CPU
		{12C817C3-0B6C-443C-8B7E-609A6C82EAA2}.Release|Any CPU.ActiveCfg = Release|Any CPU
		{12C817C3-0B6C-443C-8B7E-609A6C82EAA2}.Release|Any CPU.Build.0 = Release|Any CPU
	EndGlobalSection
	GlobalSection(SolutionProperties) = preSolution
		HideSolutionNode = FALSE
	EndGlobalSection
	GlobalSection(ExtensibilityGlobals) = postSolution
		SolutionGuid = {5D9B4938-C54F-45C7-8895-094C1BEFAFC2}
	EndGlobalSection
EndGlobal
